
Microsoft Visual Studio Solution File, Format Version 12.00
# Visual Studio Version 17
VisualStudioVersion = 17.4.33213.308
MinimumVisualStudioVersion = 10.0.40219.1
Project("{FAE04EC0-301F-11D3-BF4B-00C04F79EFBC}") = "Aerariu.API", "Aerariu.API\Aerariu.API.csproj", "{961EF329-FD74-4B13-89B1-559F84CA41A8}"
EndProject
Global
	GlobalSection(SolutionConfigurationPlatforms) = preSolution
		Debug|Any CPU = Debug|Any CPU
		Release|Any CPU = Release|Any CPU
	EndGlobalSection
	GlobalSection(ProjectConfigurationPlatforms) = postSolution
		{961EF329-FD74-4B13-89B1-559F84CA41A8}.Debug|Any CPU.ActiveCfg = Debug|Any CPU
		{961EF329-FD74-4B13-89B1-559F84CA41A8}.Debug|Any CPU.Build.0 = Debug|Any CPU
		{961EF329-FD74-4B13-89B1-559F84CA41A8}.Release|Any CPU.ActiveCfg = Release|Any CPU
		{961EF329-FD74-4B13-89B1-559F84CA41A8}.Release|Any CPU.Build.0 = Release|Any CPU
	EndGlobalSection
	GlobalSection(SolutionProperties) = preSolution
		HideSolutionNode = FALSE
	EndGlobalSection
	GlobalSection(ExtensibilityGlobals) = postSolution
		SolutionGuid = {5BC06D53-9649-4482-A783-BEE079B5054B}
	EndGlobalSection
EndGlobal
